lockfileVersion: '9.0'

settings:
  autoInstallPeers: true
  excludeLinksFromLockfile: false

importers:

  .:
    dependencies:
      '@heroui/button':
        specifier: ^2.2.25
        version: 2.2.25(@heroui/system@2.4.21(@heroui/theme@2.4.21(tailwindcss@4.0.0))(framer-motion@12.23.12(react-dom@19.1.1(react@19.1.1))(react@19.1.1))(react-dom@19.1.1(react@19.1.1))(react@19.1.1))(@heroui/theme@2.4.21(tailwindcss@4.0.0))(framer-motion@12.23.12(react-dom@19.1.1(react@19.1.1))(react@19.1.1))(react-dom@19.1.1(react@19.1.1))(react@19.1.1)
      '@heroui/system':
        specifier: ^2.4.21
        version: 2.4.21(@heroui/theme@2.4.21(tailwindcss@4.0.0))(framer-motion@12.23.12(react-dom@19.1.1(react@19.1.1))(react@19.1.1))(react-dom@19.1.1(react@19.1.1))(react@19.1.1)
      '@heroui/theme':
        specifier: ^2.4.21
        version: 2.4.21(tailwindcss@4.0.0)
      framer-motion:
        specifier: ^12.23.12
        version: 12.23.12(react-dom@19.1.1(react@19.1.1))(react@19.1.1)
      heroui-cli:
        specifier: ^1.2.3
        version: 1.2.3
      tailwindcss:
        specifier: 4.0.0
        version: 4.0.0

packages:

  '@clack/core@0.3.5':
    resolution: {integrity: sha512-5cfhQNH+1VQ2xLQlmzXMqUoiaH0lRBq9/CLW9lTyMbuKLC3+xEK01tHVvyut++mLOn5urSHmkm6I0Lg9MaJSTQ==}

  '@clack/prompts@0.7.0':
    resolution: {integrity: sha512-0MhX9/B4iL6Re04jPrttDm+BsP8y6mS7byuv0BvXgdXhbV5PdlsHt55dvNsuBCPZ7xq1oTAOOuotR9NFbQyMSA==}
    bundledDependencies:
      - is-unicode-supported

  '@formatjs/ecma402-abstract@2.3.4':
    resolution: {integrity: sha512-qrycXDeaORzIqNhBOx0btnhpD1c+/qFIHAN9znofuMJX6QBwtbrmlpWfD4oiUUD2vJUOIYFA/gYtg2KAMGG7sA==}

  '@formatjs/fast-memoize@2.2.7':
    resolution: {integrity: sha512-Yabmi9nSvyOMrlSeGGWDiH7rf3a7sIwplbvo/dlz9WCIjzIQAfy1RMf4S0X3yG724n5Ghu2GmEl5NJIV6O9sZQ==}

  '@formatjs/icu-messageformat-parser@2.11.2':
    resolution: {integrity: sha512-AfiMi5NOSo2TQImsYAg8UYddsNJ/vUEv/HaNqiFjnI3ZFfWihUtD5QtuX6kHl8+H+d3qvnE/3HZrfzgdWpsLNA==}

  '@formatjs/icu-skeleton-parser@1.8.14':
    resolution: {integrity: sha512-i4q4V4qslThK4Ig8SxyD76cp3+QJ3sAqr7f6q9VVfeGtxG9OhiAk3y9XF6Q41OymsKzsGQ6OQQoJNY4/lI8TcQ==}

  '@formatjs/intl-localematcher@0.6.1':
    resolution: {integrity: sha512-ePEgLgVCqi2BBFnTMWPfIghu6FkbZnnBVhO2sSxvLfrdFw7wCHAHiDoM2h4NRgjbaY7+B7HgOLZGkK187pZTZg==}

  '@heroui/button@2.2.25':
    resolution: {integrity: sha512-NkaWXxeFQKf0NlnI/rN/ojXbycZfjwEdNXIHH55b6IwlPne06VRvLpLaM2Eahyit4IhuUvgB8SjjWgV/z6BPoA==}
    peerDependencies:
      '@heroui/system': '>=2.4.18'
      '@heroui/theme': '>=2.4.17'
      framer-motion: '>=11.5.6 || >=12.0.0-alpha.1'
      react: '>=18 || >=19.0.0-rc.0'
      react-dom: '>=18 || >=19.0.0-rc.0'

  '@heroui/dom-animation@2.1.10':
    resolution: {integrity: sha512-dt+0xdVPbORwNvFT5pnqV2ULLlSgOJeqlg/DMo97s9RWeD6rD4VedNY90c8C9meqWqGegQYBQ9ztsfX32mGEPA==}
    peerDependencies:
      framer-motion: '>=11.5.6 || >=12.0.0-alpha.1'

  '@heroui/react-rsc-utils@2.1.9':
    resolution: {integrity: sha512-e77OEjNCmQxE9/pnLDDb93qWkX58/CcgIqdNAczT/zUP+a48NxGq2A2WRimvc1uviwaNL2StriE2DmyZPyYW7Q==}
    peerDependencies:
      react: '>=18 || >=19.0.0-rc.0'

  '@heroui/react-utils@2.1.13':
    resolution: {integrity: sha512-gJ89YL5UCilKLldJ4In0ZLzngg+tYiDuo1tQ7lf2aJB7SQMrZmEutsKrGCdvn/c2CSz5cRryo0H6JZCDsji3qg==}
    peerDependencies:
      react: '>=18 || >=19.0.0-rc.0'

  '@heroui/ripple@2.2.19':
    resolution: {integrity: sha512-nmeu1vDehmv+tn0kfo3fpeCZ9fyTp/DD9dF8qJeYhBD3CR7J/LPaGXvU6M1t8WwV7RFEA5pjmsmA3jHWjwdAJQ==}
    peerDependencies:
      '@heroui/system': '>=2.4.18'
      '@heroui/theme': '>=2.4.17'
      framer-motion: '>=11.5.6 || >=12.0.0-alpha.1'
      react: '>=18 || >=19.0.0-rc.0'
      react-dom: '>=18 || >=19.0.0-rc.0'

  '@heroui/shared-utils@2.1.11':
    resolution: {integrity: sha512-2zKVjCc9EMMk05peVpI1Q+vFf+dzqyVdf1DBCJ2SNQEUF7E+sRe1FvhHvPoye3TIFD/Fr6b3kZ6vzjxL9GxB6A==}

  '@heroui/spinner@2.2.22':
    resolution: {integrity: sha512-lNfMFCY4T9xlkcpsoeesp6dtOCV0/GgL5LuV/rwP+XX7jWo19zL+ArJ45NvLVwkbyHUqo9loO3mCeW+FFF63Pw==}
    peerDependencies:
      '@heroui/theme': '>=2.4.17'
      react: '>=18 || >=19.0.0-rc.0'
      react-dom: '>=18 || >=19.0.0-rc.0'

  '@heroui/system-rsc@2.3.18':
    resolution: {integrity: sha512-+XGecaMRjpbBWGN315zr/HeAmSgOIG5dDAGdHGwz/L3S9VYhqL/QL12v6lypYUYKo27ShlRP0CqC8uDTP5GkaA==}
    peerDependencies:
      '@heroui/theme': '>=2.4.17'
      react: '>=18 || >=19.0.0-rc.0'

  '@heroui/system@2.4.21':
    resolution: {integrity: sha512-pgbPdfqizZiIieWeBP1mxmpiNw9fiO12J+9Or8V2YgRxxX3hJFWNk/OHUIfTZHvtiwBJe4hWXMOzE5xOBJEFhw==}
    peerDependencies:
      framer-motion: '>=11.5.6 || >=12.0.0-alpha.1'
      react: '>=18 || >=19.0.0-rc.0'
      react-dom: '>=18 || >=19.0.0-rc.0'

  '@heroui/theme@2.4.21':
    resolution: {integrity: sha512-v91gZ+oI3ewBiD9+3iDyaJjTSCuQh+tWFePAoUy3csToHnUmU2P/7GIMwuNHulDq6Z4ZRBQd5pt4GJ7xaLQmZA==}
    peerDependencies:
      tailwindcss: '>=4.0.0'

  '@heroui/use-aria-button@2.2.19':
    resolution: {integrity: sha512-+3f8zpswFHWs50pNmsHTCXGsIGWyZw/1/hINVPjB9RakjqLwYx9Sz0QCshsAJgGklVbOUkHGtrMwfsKnTeQ82Q==}
    peerDependencies:
      react: '>=18 || >=19.0.0-rc.0'

  '@internationalized/date@3.9.0':
    resolution: {integrity: sha512-yaN3brAnHRD+4KyyOsJyk49XUvj2wtbNACSqg0bz3u8t2VuzhC8Q5dfRnrSxjnnbDb+ienBnkn1TzQfE154vyg==}

  '@internationalized/message@3.1.8':
    resolution: {integrity: sha512-Rwk3j/TlYZhn3HQ6PyXUV0XP9Uv42jqZGNegt0BXlxjE6G3+LwHjbQZAGHhCnCPdaA6Tvd3ma/7QzLlLkJxAWA==}

  '@internationalized/number@3.6.5':
    resolution: {integrity: sha512-6hY4Kl4HPBvtfS62asS/R22JzNNy8vi/Ssev7x6EobfCp+9QIB2hKvI2EtbdJ0VSQacxVNtqhE/NmF/NZ0gm6g==}

  '@internationalized/string@3.2.7':
    resolution: {integrity: sha512-D4OHBjrinH+PFZPvfCXvG28n2LSykWcJ7GIioQL+ok0LON15SdfoUssoHzzOUmVZLbRoREsQXVzA6r8JKsbP6A==}

  '@nodelib/fs.scandir@2.1.5':
    resolution: {integrity: sha512-vq24Bq3ym5HEQm2NKCr3yXDwjc7vTsEThRDnkp2DK9p1uqLR+DHurm/NOTo0KG7HYHU7eppKZj3MyqYuMBf62g==}
    engines: {node: '>= 8'}

  '@nodelib/fs.stat@2.0.5':
    resolution: {integrity: sha512-RkhPPp2zrqDAQA/2jNhnztcPAlv64XdhIp7a7454A5ovI7Bukxgt7MX7udwAu3zg1DcpPU0rz3VV1SeaqvY4+A==}
    engines: {node: '>= 8'}

  '@nodelib/fs.walk@1.2.8':
    resolution: {integrity: sha512-oGB+UxlgWcgQkgwo8GcEGwemoTFt3FIO9ababBmaGwXIoBKZ+GTy0pP185beGg7Llih/NSHSV2XAs1lnznocSg==}
    engines: {node: '>= 8'}

  '@react-aria/focus@3.21.1':
    resolution: {integrity: sha512-hmH1IhHlcQ2lSIxmki1biWzMbGgnhdxJUM0MFfzc71Rv6YAzhlx4kX3GYn4VNcjCeb6cdPv4RZ5vunV4kgMZYQ==}
    peerDependencies:
      react: ^16.8.0 || ^17.0.0-rc.1 || ^18.0.0 || ^19.0.0-rc.1
      react-dom: ^16.8.0 || ^17.0.0-rc.1 || ^18.0.0 || ^19.0.0-rc.1

  '@react-aria/i18n@3.12.12':
    resolution: {integrity: sha512-JN6p+Xc6Pu/qddGRoeYY6ARsrk2Oz7UiQc9nLEPOt3Ch+blJZKWwDjcpo/p6/wVZdD/2BgXS7El6q6+eMg7ibw==}
    peerDependencies:
      react: ^16.8.0 || ^17.0.0-rc.1 || ^18.0.0 || ^19.0.0-rc.1
      react-dom: ^16.8.0 || ^17.0.0-rc.1 || ^18.0.0 || ^19.0.0-rc.1

  '@react-aria/interactions@3.25.5':
    resolution: {integrity: sha512-EweYHOEvMwef/wsiEqV73KurX/OqnmbzKQa2fLxdULbec5+yDj6wVGaRHIzM4NiijIDe+bldEl5DG05CAKOAHA==}
    peerDependencies:
      react: ^16.8.0 || ^17.0.0-rc.1 || ^18.0.0 || ^19.0.0-rc.1
      react-dom: ^16.8.0 || ^17.0.0-rc.1 || ^18.0.0 || ^19.0.0-rc.1

  '@react-aria/overlays@3.29.0':
    resolution: {integrity: sha512-OmMcwrbBMcv4KWNAPxvMZw02Wcw+z3e5dOS+MOb4AfY4bOJUvw+9hB13cfECs5lNXjV/UHT+5w2WBs32jmTwTg==}
    peerDependencies:
      react: ^16.8.0 || ^17.0.0-rc.1 || ^18.0.0 || ^19.0.0-rc.1
      react-dom: ^16.8.0 || ^17.0.0-rc.1 || ^18.0.0 || ^19.0.0-rc.1

  '@react-aria/ssr@3.9.10':
    resolution: {integrity: sha512-hvTm77Pf+pMBhuBm760Li0BVIO38jv1IBws1xFm1NoL26PU+fe+FMW5+VZWyANR6nYL65joaJKZqOdTQMkO9IQ==}
    engines: {node: '>= 12'}
    peerDependencies:
      react: ^16.8.0 || ^17.0.0-rc.1 || ^18.0.0 || ^19.0.0-rc.1

  '@react-aria/utils@3.30.1':
    resolution: {integrity: sha512-zETcbDd6Vf9GbLndO6RiWJadIZsBU2MMm23rBACXLmpRztkrIqPEb2RVdlLaq1+GklDx0Ii6PfveVjx+8S5U6A==}
    peerDependencies:
      react: ^16.8.0 || ^17.0.0-rc.1 || ^18.0.0 || ^19.0.0-rc.1
      react-dom: ^16.8.0 || ^17.0.0-rc.1 || ^18.0.0 || ^19.0.0-rc.1

  '@react-aria/visually-hidden@3.8.27':
    resolution: {integrity: sha512-hD1DbL3WnjPnCdlQjwe19bQVRAGJyN0Aaup+s7NNtvZUn7AjoEH78jo8TE+L8yM7z/OZUQF26laCfYqeIwWn4g==}
    peerDependencies:
      react: ^16.8.0 || ^17.0.0-rc.1 || ^18.0.0 || ^19.0.0-rc.1
      react-dom: ^16.8.0 || ^17.0.0-rc.1 || ^18.0.0 || ^19.0.0-rc.1

  '@react-stately/flags@3.1.2':
    resolution: {integrity: sha512-2HjFcZx1MyQXoPqcBGALwWWmgFVUk2TuKVIQxCbRq7fPyWXIl6VHcakCLurdtYC2Iks7zizvz0Idv48MQ38DWg==}

  '@react-stately/overlays@3.6.19':
    resolution: {integrity: sha512-swZXfDvxTYd7tKEpijEHBFFaEmbbnCvEhGlmrAz4K72cuRR9O5u+lcla8y1veGBbBSzrIdKNdBoIIJ+qQH+1TQ==}
    peerDependencies:
      react: ^16.8.0 || ^17.0.0-rc.1 || ^18.0.0 || ^19.0.0-rc.1

  '@react-stately/utils@3.10.8':
    resolution: {integrity: sha512-SN3/h7SzRsusVQjQ4v10LaVsDc81jyyR0DD5HnsQitm/I5WDpaSr2nRHtyloPFU48jlql1XX/S04T2DLQM7Y3g==}
    peerDependencies:
      react: ^16.8.0 || ^17.0.0-rc.1 || ^18.0.0 || ^19.0.0-rc.1

  '@react-types/button@3.14.0':
    resolution: {integrity: sha512-pXt1a+ElxiZyWpX0uznyjy5Z6EHhYxPcaXpccZXyn6coUo9jmCbgg14xR7Odo+JcbfaaISzZTDO7oGLVTcHnpA==}
    peerDependencies:
      react: ^16.8.0 || ^17.0.0-rc.1 || ^18.0.0 || ^19.0.0-rc.1

  '@react-types/overlays@3.9.1':
    resolution: {integrity: sha512-UCG3TOu8FLk4j0Pr1nlhv0opcwMoqbGEOUvsSr6ITN6Qs2y0j+KYSYQ7a4+04m3dN//8+9Wjkkid8k+V1dV2CA==}
    peerDependencies:
      react: ^16.8.0 || ^17.0.0-rc.1 || ^18.0.0 || ^19.0.0-rc.1

  '@react-types/shared@3.32.0':
    resolution: {integrity: sha512-t+cligIJsZYFMSPFMvsJMjzlzde06tZMOIOFa1OV5Z0BcMowrb2g4mB57j/9nP28iJIRYn10xCniQts+qadrqQ==}
    peerDependencies:
      react: ^16.8.0 || ^17.0.0-rc.1 || ^18.0.0 || ^19.0.0-rc.1

  '@swc/helpers@0.5.17':
    resolution: {integrity: sha512-5IKx/Y13RsYd+sauPb2x+U/xZikHjolzfuDgTAl/Tdf3Q8rslRvC19NKDLgAJQ6wsqADk10ntlv08nPFw/gO/A==}

  '@types/tinycolor2@1.4.6':
    resolution: {integrity: sha512-iEN8J0BoMnsWBqjVbWH/c0G0Hh7O21lpR2/+PrvAVgWdzL7eexIFm4JN/Wn10PTcmNdtS6U67r499mlWMXOxNw==}

  '@winches/prompts@0.0.7':
    resolution: {integrity: sha512-H/UlFlm83C6zkYn3CK4GF2VMpAlyjO3o623yamOyHwSaehhnj7oAJmklvr73UVMqu6Q+rl4Bzs3PBmxGB8cJVg==}
    engines: {node: '>= 14'}

  ansi-regex@6.2.0:
    resolution: {integrity: sha512-TKY5pyBkHyADOPYlRT9Lx6F544mPl0vS5Ew7BJ45hA08Q+t3GjbueLliBWN3sMICk6+y7HdyxSzC4bWS8baBdg==}
    engines: {node: '>=12'}

  ansi-styles@4.3.0:
    resolution: {integrity: sha512-zbB9rCJAT1rbjiVDb2hqKFHNYLxgtk8NURxZ3IZwD3F6NtxbXZQCnnSi1Lkx+IDohdPlFp222wVALIheZJQSEg==}
    engines: {node: '>=8'}

  async-retry@1.3.3:
    resolution: {integrity: sha512-wfr/jstw9xNi/0teMHrRW7dsz3Lt5ARhYNZ2ewpadnhaIp5mbALhOAP+EAdsC7t4Z6wqsDVv9+W6gm1Dk9mEyw==}

  braces@3.0.3:
    resolution: {integrity: sha512-yQbXgO/OSZVD2IsiLlro+7Hf6Q18EJrKSEsdoMzKePKXct3gvD8oLcOQdIzGupr5Fj+EDe8gO/lxc1BzfMpxvA==}
    engines: {node: '>=8'}

  chalk@4.1.2:
    resolution: {integrity: sha512-oKnbhFyRIXpUuez8iBMmyEa4nbj4IOQyuhc/wy9kY7/WVPcwIO9VA668Pu8RkO7+0G76SLROeyw9CpQ061i4mA==}
    engines: {node: '>=10'}

  chalk@5.3.0:
    resolution: {integrity: sha512-dLitG79d+GV1Nb/VYcCDFivJeK1hiukt9QjRNVOsUtTy1rR1YJsmpGGTZ3qJos+uw7WmWF4wUwBd9jxjocFC2w==}
    engines: {node: ^12.17.0 || ^14.13 || >=16.0.0}

  chownr@2.0.0:
    resolution: {integrity: sha512-bIomtDF5KGpdogkLd9VspvFzk9KfpyyGlS8YFVZl7TGPBHL5snIOnxeshwVgPteQ9b4Eydl+pVbIyE1DcvCWgQ==}
    engines: {node: '>=10'}

  cli-cursor@4.0.0:
    resolution: {integrity: sha512-VGtlMu3x/4DOtIUwEkRezxUZ2lBacNJCHash0N0WeZDBS+7Ux1dm3XWAgWYxLJFMMdOeXMHXorshEFhbMSGelg==}
    engines: {node: ^12.20.0 || ^14.13.1 || >=16.0.0}

  cli-spinners@2.9.2:
    resolution: {integrity: sha512-ywqV+5MmyL4E7ybXgKys4DugZbX0FC6LnwrhjuykIjnK9k8OQacQ7axGKnjDXWNhns0xot3bZI5h55H8yo9cJg==}
    engines: {node: '>=6'}

  clsx@1.2.1:
    resolution: {integrity: sha512-EcR6r5a8bj6pu3ycsa/E/cKVGuTgZJZdsyUYHOksG/UHIiKfjxzRxYJpyVBwYaQeOvghal9fcc4PidlgzugAQg==}
    engines: {node: '>=6'}

  clsx@2.1.1:
    resolution: {integrity: sha512-eYm0QWBtUrBWZWG0d386OGAw16Z995PiOVo2B7bjWSbHedGl5e0ZWaq65kOGgUSNesEIDkB9ISbTg/JK9dhCZA==}
    engines: {node: '>=6'}

  color-convert@2.0.1:
    resolution: {integrity: sha512-RRECPsj7iu/xb5oKYcsFHSppFNnsj/52OVTRKb4zP5onXwVF3zVmmToNcOfGC+CRDpfK/U584fMg38ZHCaElKQ==}
    engines: {node: '>=7.0.0'}

  color-name@1.1.4:
    resolution: {integrity: sha512-dOy+3AuW3a2wNbZHIuMZpTcgjGuLU/uBL/ubcZF9OXbDo8ff4O8yVp5Bf0efS8uEoYo5q4Fx7dY9OgQGXgAsQA==}

  color-string@1.9.1:
    resolution: {integrity: sha512-shrVawQFojnZv6xM40anx4CkoDP+fZsw/ZerEMsW/pyzsRbElpsL/DBVW7q3ExxwusdNXI3lXpuhEZkzs8p5Eg==}

  color2k@2.0.3:
    resolution: {integrity: sha512-zW190nQTIoXcGCaU08DvVNFTmQhUpnJfVuAKfWqUQkflXKpaDdpaYoM0iluLS9lgJNHyBF58KKA2FBEwkD7wog==}

  color@4.2.3:
    resolution: {integrity: sha512-1rXeuUUiGGrykh+CeBdu5Ie7OJwinCgQY0bc7GCRxy5xVHy+moaqkpL/jqQq0MtQOeYcrqEz4abc5f0KtU7W4A==}
    engines: {node: '>=12.5.0'}

  commander@11.0.0:
    resolution: {integrity: sha512-9HMlXtt/BNoYr8ooyjjNRdIilOTkVJXB+GhxMTtOKwk0R4j4lS4NpjuqmRxroBfnfTSHQIHQB7wryHhXarNjmQ==}
    engines: {node: '>=16'}

  compare-versions@6.1.1:
    resolution: {integrity: sha512-4hm4VPpIecmlg59CHXnRDnqGplJFrbLG4aFEl5vl6cK1u76ws3LLvX7ikFnTDl5vo39sjWD6AaDPYodJp/NNHg==}

  decimal.js@10.6.0:
    resolution: {integrity: sha512-YpgQiITW3JXGntzdUmyUR1V812Hn8T1YVXhCu+wO3OpS4eU9l4YdD3qjyiKdV6mvV29zapkMeD390UVEf2lkUg==}

  deepmerge@4.3.1:
    resolution: {integrity: sha512-3sUqbMEc77XqpdNO7FRyRog+eW3ph+GYCbj+rK+uYyRMuwsVy0rMiVtPn+QJlKFvWP/1PYpapqYn0Me2knFn+A==}
    engines: {node: '>=0.10.0'}

  emoji-regex@10.5.0:
    resolution: {integrity: sha512-lb49vf1Xzfx080OKA0o6l8DQQpV+6Vg95zyCJX9VB/BqKYlhG7N4wgROUUHRA+ZPUefLnteQOad7z1kT2bV7bg==}

  fast-glob@3.3.2:
    resolution: {integrity: sha512-oX2ruAFQwf/Orj8m737Y5adxDQO0LAB7/S5MnxCdTNDd4p6BsyIVsv9JQsATbTSq8KHRpLwIHbVlUNatxd+1Ow==}
    engines: {node: '>=8.6.0'}

  fastq@1.19.1:
    resolution: {integrity: sha512-GwLTyxkCXjXbxqIhTsMI2Nui8huMPtnxg7krajPJAjnEG/iiOS7i+zCtWGZR9G0NBKbXKh6X9m9UIsYX/N6vvQ==}

  fill-range@7.1.1:
    resolution: {integrity: sha512-YsGpe3WHLK8ZYi4tWDg2Jy3ebRz2rXowDxnld4bkQB00cc/1Zw9AWnC0i9ztDJitivtQvaI9KaLyKrc+hBW0yg==}
    engines: {node: '>=8'}

  find-up@7.0.0:
    resolution: {integrity: sha512-YyZM99iHrqLKjmt4LJDj58KI+fYyufRLBSYcqycxf//KpBk9FoewoGX0450m9nB44qrZnovzC2oeP5hUibxc/g==}
    engines: {node: '>=18'}

  flat@5.0.2:
    resolution: {integrity: sha512-b6suED+5/3rTpUBdG1gupIl8MPFCAMA0QXwmljLhvCUKcUvdE4gWky9zpuGCcXHOsz4J9wPGNWq6OKpmIzz3hQ==}
    hasBin: true

  framer-motion@12.23.12:
    resolution: {integrity: sha512-6e78rdVtnBvlEVgu6eFEAgG9v3wLnYEboM8I5O5EXvfKC8gxGQB8wXJdhkMy10iVcn05jl6CNw7/HTsTCfwcWg==}
    peerDependencies:
      '@emotion/is-prop-valid': '*'
      react: ^18.0.0 || ^19.0.0
      react-dom: ^18.0.0 || ^19.0.0
    peerDependenciesMeta:
      '@emotion/is-prop-valid':
        optional: true
      react:
        optional: true
      react-dom:
        optional: true

  fs-minipass@2.1.0:
    resolution: {integrity: sha512-V/JgOLFCS+R6Vcq0slCuaeWEdNC3ouDlJMNIsacH2VtALiu9mV4LPrHc5cDl8k5aw6J8jwgWWpiTo5RYhmIzvg==}
    engines: {node: '>= 8'}

  get-east-asian-width@1.3.1:
    resolution: {integrity: sha512-R1QfovbPsKmosqTnPoRFiJ7CF9MLRgb53ChvMZm+r4p76/+8yKDy17qLL2PKInORy2RkZZekuK0efYgmzTkXyQ==}
    engines: {node: '>=18'}

  glob-parent@5.1.2:
    resolution: {integrity: sha512-AOIgSQCepiJYwP3ARnGx+5VnTu2HBYdzbGP45eLw1vr3zB3vZLeyed1sC9hnbcOc9/SrMyM5RPQrkGz4aS9Zow==}
    engines: {node: '>= 6'}

  gradient-string@2.0.2:
    resolution: {integrity: sha512-rEDCuqUQ4tbD78TpzsMtt5OIf0cBCSDWSJtUDaF6JsAh+k0v9r++NzxNEG87oDZx9ZwGhD8DaezR2L/yrw0Jdw==}
    engines: {node: '>=10'}

  has-flag@4.0.0:
    resolution: {integrity: sha512-EykJT/Q1KjTWctppgIAgfSO0tKVuZUjhgMr17kqTumMl6Afv3EISleU7qZUzoXDFTAHTDC4NOoG/ZxU3EvlMPQ==}
    engines: {node: '>=8'}

  heroui-cli@1.2.3:
    resolution: {integrity: sha512-q5Cs+jjogTI5LQLKatQtp1XAn/rpgB30G+IUvVtzwEX4NTl3mNM2RCZzlRvf3mNqltGtiyBq2hoBZyLr/XMl1g==}
    engines: {pnpm: '>=9.x'}
    hasBin: true

  intl-messageformat@10.7.16:
    resolution: {integrity: sha512-UmdmHUmp5CIKKjSoE10la5yfU+AYJAaiYLsodbjL4lji83JNvgOQUjGaGhGrpFCb0Uh7sl7qfP1IyILa8Z40ug==}

  is-arrayish@0.3.2:
    resolution: {integrity: sha512-eVRqCvVlZbuw3GrM63ovNSNAeA1K16kaR/LRY/92w0zxQ5/1YzwblUX652i4Xs9RwAGjW9d9y6X88t8OaAJfWQ==}

  is-extglob@2.1.1:
    resolution: {integrity: sha512-SbKbANkN603Vi4jEZv49LeVJMn4yGwsbzZworEoyEiutsN3nJYdbO36zfhGJ6QEDpOZIFkDtnq5JRxmvl3jsoQ==}
    engines: {node: '>=0.10.0'}

  is-glob@4.0.3:
    resolution: {integrity: sha512-xelSayHH36ZgE7ZWhli7pW34hNbNl8Ojv5KVmkJD4hBdD3th8Tfk9vYasLM+mXWOZhFkgZfxhLSnrwRr4elSSg==}
    engines: {node: '>=0.10.0'}

  is-interactive@2.0.0:
    resolution: {integrity: sha512-qP1vozQRI+BMOPcjFzrjXuQvdak2pHNUMZoeG2eRbiSqyvbEf/wQtEOTOX1guk6E3t36RkaqiSt8A/6YElNxLQ==}
    engines: {node: '>=12'}

  is-number@7.0.0:
    resolution: {integrity: sha512-41Cifkg6e8TylSpdtTpeLVMqvSBEVzTttHvERD741+pnZ8ANv0004MRL43QKPDlK9cGvNp6NZWZUBlbGXYxxng==}
    engines: {node: '>=0.12.0'}

  is-unicode-supported@1.3.0:
    resolution: {integrity: sha512-43r2mRvz+8JRIKnWJ+3j8JtjRKZ6GmjzfaE/qiBJnikNnYv/6bagRJ1kUhNk8R5EX/GkobD+r+sfxCPJsiKBLQ==}
    engines: {node: '>=12'}

  is-unicode-supported@2.1.0:
    resolution: {integrity: sha512-mE00Gnza5EEB3Ds0HfMyllZzbBrmLOX3vfWoj9A9PEnTfratQ/BcaJOuMhnkhjXvb2+FkY3VuHqtAGpTPmglFQ==}
    engines: {node: '>=18'}

  kleur@4.1.5:
    resolution: {integrity: sha512-o+NO+8WrRiQEE4/7nwRJhN1HWpVmJm511pBHUxPLtp0BUISzlBplORYSmTclCnJvQq2tKu/sgl3xVpkc7ZWuQQ==}
    engines: {node: '>=6'}

  locate-path@7.2.0:
    resolution: {integrity: sha512-gvVijfZvn7R+2qyPX8mAuKcFGDf6Nc61GdvGafQsHL0sBIxfKzA+usWn4GFC/bk+QdwPUD4kWFJLhElipq+0VA==}
    engines: {node: ^12.20.0 || ^14.13.1 || >=16.0.0}

  log-symbols@6.0.0:
    resolution: {integrity: sha512-i24m8rpwhmPIS4zscNzK6MSEhk0DUWa/8iYQWxhffV8jkI4Phvs3F+quL5xvS0gdQR0FyTCMMH33Y78dDTzzIw==}
    engines: {node: '>=18'}

  merge2@1.4.1:
    resolution: {integrity: sha512-8q7VEgMJW4J8tcfVPy8g09NcQwZdbwFEqhe/WZkoIzjn/3TGDwtOCYtXGxA3O8tPzpczCCDgv+P2P5y00ZJOOg==}
    engines: {node: '>= 8'}

  micromatch@4.0.8:
    resolution: {integrity: sha512-PXwfBhYu0hBCPw8Dn0E+WDYb7af3dSLVWKi3HGv84IdF4TyFoC0ysxFd0Goxw7nSv4T/PzEJQxsYsEiFCKo2BA==}
    engines: {node: '>=8.6'}

  mimic-fn@2.1.0:
    resolution: {integrity: sha512-OqbOk5oEQeAZ8WXWydlu9HJjz9WVdEIvamMCcXmuqUYjTknH/sqsWvhQ3vgwKFRR1HpjvNBKQ37nbJgYzGqGcg==}
    engines: {node: '>=6'}

  minipass@3.3.6:
    resolution: {integrity: sha512-DxiNidxSEK+tHG6zOIklvNOwm3hvCrbUrdtzY74U6HKTJxvIDfOUL5W5P2Ghd3DTkhhKPYGqeNUIh5qcM4YBfw==}
    engines: {node: '>=8'}

  minipass@5.0.0:
    resolution: {integrity: sha512-3FnjYuehv9k6ovOEbyOswadCDPX1piCfhV8ncmYtHOjuPwylVWsghTLo7rabjC3Rx5xD4HDx8Wm1xnMF7S5qFQ==}
    engines: {node: '>=8'}

  minizlib@2.1.2:
    resolution: {integrity: sha512-bAxsR8BVfj60DWXHE3u30oHzfl4G7khkSuPW+qvpd7jFRHm7dLxOjUk1EHACJ/hxLY8phGJ0YhYHZo7jil7Qdg==}
    engines: {node: '>= 8'}

  mkdirp@1.0.4:
    resolution: {integrity: sha512-vVqVZQyf3WLx2Shd0qJ9xuvqgAyKPLAiqITEtqW0oIUjzo3PePDd6fW9iFz30ef7Ysp/oiWqbhszeGWW2T6Gzw==}
    engines: {node: '>=10'}
    hasBin: true

  motion-dom@12.23.12:
    resolution: {integrity: sha512-RcR4fvMCTESQBD/uKQe49D5RUeDOokkGRmz4ceaJKDBgHYtZtntC/s2vLvY38gqGaytinij/yi3hMcWVcEF5Kw==}

  motion-utils@12.23.6:
    resolution: {integrity: sha512-eAWoPgr4eFEOFfg2WjIsMoqJTW6Z8MTUCgn/GZ3VRpClWBdnbjryiA3ZSNLyxCTmCQx4RmYX6jX1iWHbenUPNQ==}

  onetime@5.1.2:
    resolution: {integrity: sha512-kbpaSSGJTWdAY5KPVeMOKXSrPtr8C8C7wodJbcsd51jRnmD+GZu8Y0VoU6Dm5Z4vWr0Ig/1NKuWRKf7j5aaYSg==}
    engines: {node: '>=6'}

  ora@8.0.1:
    resolution: {integrity: sha512-ANIvzobt1rls2BDny5fWZ3ZVKyD6nscLvfFRpQgfWsythlcsVUC9kL0zq6j2Z5z9wwp1kd7wpsD/T9qNPVLCaQ==}
    engines: {node: '>=18'}

  p-limit@4.0.0:
    resolution: {integrity: sha512-5b0R4txpzjPWVw/cXXUResoD4hb6U/x9BH08L7nw+GN1sezDzPdxeRvpc9c433fZhBan/wusjbCsqwqm4EIBIQ==}
    engines: {node: ^12.20.0 || ^14.13.1 || >=16.0.0}

  p-locate@6.0.0:
    resolution: {integrity: sha512-wPrq66Llhl7/4AGC6I+cqxT07LhXvWL08LNXz1fENOw0Ap4sRZZ/gZpTTJ5jpurzzzfS2W/Ge9BY3LgLjCShcw==}
    engines: {node: ^12.20.0 || ^14.13.1 || >=16.0.0}

  path-exists@5.0.0:
    resolution: {integrity: sha512-RjhtfwJOxzcFmNOi6ltcbcu4Iu+FL3zEj83dk4kAS+fVpTxXLO1b38RvJgT/0QwvV/L3aY9TAnyv0EOqW4GoMQ==}
    engines: {node: ^12.20.0 || ^14.13.1 || >=16.0.0}

  pathe@1.1.2:
    resolution: {integrity: sha512-whLdWMYL2TwI08hn8/ZqAbrVemu0LNaNNJZX73O6qaIdCTfXutsLhMkjdENX0qhsQ9uIimo4/aQOmXkoon2nDQ==}

  picocolors@1.1.1:
    resolution: {integrity: sha512-xceH2snhtb5M9liqDsmEw56le376mTZkEX/jEb/RxNFyegNul7eNslCXP9FDj/Lcu0X8KEyMceP2ntpaHrDEVA==}

  picomatch@2.3.1:
    resolution: {integrity: sha512-JU3teHTNjmE2VCGFzuY8EXzCDVwEqB2a8fsIvwaStHhAWJEeVd1o1QD80CU6+ZdEXXSLbSsuLwJjkCBWqRQUVA==}
    engines: {node: '>=8.6'}

  queue-microtask@1.2.3:
    resolution: {integrity: sha512-NuaNSa6flKT5JaSYQzJok04JzTL1CA6aGhv5rfLW3PgqA+M2ChpZQnAC8h8i4ZFkBS8X5RqkDBHA7r4hej3K9A==}

  react-dom@19.1.1:
    resolution: {integrity: sha512-Dlq/5LAZgF0Gaz6yiqZCf6VCcZs1ghAJyrsu84Q/GT0gV+mCxbfmKNoGRKBYMJ8IEdGPqu49YWXD02GCknEDkw==}
    peerDependencies:
      react: ^19.1.1

  react@19.1.1:
    resolution: {integrity: sha512-w8nqGImo45dmMIfljjMwOGtbmC/mk4CMYhWIicdSflH91J9TyCyczcPFXJzrZ/ZXcgGRFeP6BU0BEJTw6tZdfQ==}
    engines: {node: '>=0.10.0'}

  restore-cursor@4.0.0:
    resolution: {integrity: sha512-I9fPXU9geO9bHOt9pHHOhOkYerIMsmVaWB0rA2AI9ERh/+x/i7MV5HKBNrg+ljO5eoPVgCcnFuRjJ9uH6I/3eg==}
    engines: {node: ^12.20.0 || ^14.13.1 || >=16.0.0}

  retry@0.13.1:
    resolution: {integrity: sha512-XQBQ3I8W1Cge0Seh+6gjj03LbmRFWuoszgK9ooCpwYIrhhoO80pfq4cUkU5DkknwfOfFteRwlZ56PYOGYyFWdg==}
    engines: {node: '>= 4'}

  reusify@1.1.0:
    resolution: {integrity: sha512-g6QUff04oZpHs0eG5p83rFLhHeV00ug/Yf9nZM6fLeUrPguBTkTQOdpAWWspMh55TZfVQDPaN3NQJfbVRAxdIw==}
    engines: {iojs: '>=1.0.0', node: '>=0.10.0'}

  run-parallel@1.2.0:
    resolution: {integrity: sha512-5l4VyZR86LZ/lDxZTR6jqL8AFE2S0IFLMP26AbjsLVADxHdhB/c0GUsH+y39UfCi3dzz8OlQuPmnaJOMoDHQBA==}

  scheduler@0.26.0:
    resolution: {integrity: sha512-NlHwttCI/l5gCPR3D1nNXtWABUmBwvZpEQiD4IXSbIDq8BzLIK/7Ir5gTFSGZDUu37K5cMNp0hFtzO38sC7gWA==}

  signal-exit@3.0.7:
    resolution: {integrity: sha512-wnD2ZE+l+SPC/uoS0vXeE9L1+0wuaMqKlfz9AMUo38JsyLSBWSFcHR1Rri62LZc12vLr1gb3jl7iwQhgwpAbGQ==}

  simple-swizzle@0.2.2:
    resolution: {integrity: sha512-JA//kQgZtbuY83m+xT+tXJkmJncGMTFT+C+g2h2R9uxkYIrE2yy9sgmcLhCnw57/WSD+Eh3J97FPEDFnbXnDUg==}

  sisteransi@1.0.5:
    resolution: {integrity: sha512-bLGGlR1QxBcynn2d5YmDX4MGjlZvy2MRBDRNHLJ8VI6l6+9FUiyTFNJ0IveOSP0bcXgVDPRcfGqA0pjaqUpfVg==}

  stdin-discarder@0.2.2:
    resolution: {integrity: sha512-UhDfHmA92YAlNnCfhmq0VeNL5bDbiZGg7sZ2IvPsXubGkiNa9EC+tUTsjBRsYUAz87btI6/1wf4XoVvQ3uRnmQ==}
    engines: {node: '>=18'}

  string-width@7.2.0:
    resolution: {integrity: sha512-tsaTIkKW9b4N+AEj+SVA+WhJzV7/zMhcSu78mLKWSk7cXMOSHsBKFWUs0fWwq8QyK3MgJBQRX6Gbi4kYbdvGkQ==}
    engines: {node: '>=18'}

  strip-ansi@7.1.0:
    resolution: {integrity: sha512-iq6eVVI64nQQTRYq2KtEg2d2uU7LElhTJwsH4YzIHZshxlgZms/wIc4VoDQTlG/IvVIrBKG06CrZnp0qv7hkcQ==}
    engines: {node: '>=12'}

  supports-color@7.2.0:
    resolution: {integrity: sha512-qpCAvRl9stuOHveKsn7HncJRvv501qIacKzQlO/+Lwxc9+0q2wLyv4Dfvt80/DPn2pqOBsJdDiogXGR9+OvwRw==}
    engines: {node: '>=8'}

  tailwind-merge@3.3.1:
    resolution: {integrity: sha512-gBXpgUm/3rp1lMZZrM/w7D8GKqshif0zAymAhbCyIt8KMe+0v9DQ7cdYLR4FHH/cKpdTXb+A/tKKU3eolfsI+g==}

  tailwind-variants@3.1.0:
    resolution: {integrity: sha512-ieiYaEfUr+sNhw/k++dosmZfVA4VIG5bV+G1eGdJSC4FcflqQv0iSIlOLj/RbzRuTu/VrIiNSlwh1esBM3BXUg==}
    engines: {node: '>=16.x', pnpm: '>=7.x'}
    peerDependencies:
      tailwind-merge: '>=3.0.0'
      tailwindcss: '*'
    peerDependenciesMeta:
      tailwind-merge:
        optional: true

  tailwindcss@4.0.0:
    resolution: {integrity: sha512-ULRPI3A+e39T7pSaf1xoi58AqqJxVCLg8F/uM5A3FadUbnyDTgltVnXJvdkTjwCOGA6NazqHVcwPJC5h2vRYVQ==}

  tar@6.2.1:
    resolution: {integrity: sha512-DZ4yORTwrbTj/7MZYq2w+/ZFdI6OZ/f9SFHR+71gIVUZhOQPHzVCLpvRnPgyaMpfWxxk/4ONva3GQSyNIKRv6A==}
    engines: {node: '>=10'}

  tinycolor2@1.6.0:
    resolution: {integrity: sha512-XPaBkWQJdsf3pLKJV9p4qN/S+fm2Oj8AIPo1BTUhg5oxkvm9+SVEGFdhyOz7tTdUTfvxMiAs4sp6/eZO2Ew+pw==}

  tinygradient@1.1.5:
    resolution: {integrity: sha512-8nIfc2vgQ4TeLnk2lFj4tRLvvJwEfQuabdsmvDdQPT0xlk9TaNtpGd6nNRxXoK6vQhN6RSzj+Cnp5tTQmpxmbw==}

  to-regex-range@5.0.1:
    resolution: {integrity: sha512-65P7iz6X5yEr1cwcgvQxbbIw7Uk3gOy5dIdtZ4rDveLqhrdJP+Li/Hx6tyK0NEb+2GCyneCMJiGqrADCSNk8sQ==}
    engines: {node: '>=8.0'}

  tslib@2.8.1:
    resolution: {integrity: sha512-oJFu94HQb+KVduSUQL7wnpmqnfmLsOA/nAh6b6EH0wCEoK0/mPeXU6c3wKDV83MkOuHPRHtSXKKU99IBazS/2w==}

  unicorn-magic@0.1.0:
    resolution: {integrity: sha512-lRfVq8fE8gz6QMBuDM6a+LO3IAzTi05H6gCVaUpir2E1Rwpo4ZUog45KpNXKC/Mn3Yb9UDuHumeFTo9iV/D9FQ==}
    engines: {node: '>=18'}

  yallist@4.0.0:
    resolution: {integrity: sha512-3wdGidZyq5PB084XLES5TpOSRA3wjXAlIWMhum2kRcv/41Sn2emQ0dycQW4uZXLejwKvg6EsvbdlVL+FYEct7A==}

  yocto-queue@1.2.1:
    resolution: {integrity: sha512-AyeEbWOu/TAXdxlV9wmGcR0+yh2j3vYPGOECcIj2S7MkrLyC7ne+oye2BKTItt0ii2PHk4cDy+95+LshzbXnGg==}
    engines: {node: '>=12.20'}

snapshots:

  '@clack/core@0.3.5':
    dependencies:
      picocolors: 1.1.1
      sisteransi: 1.0.5

  '@clack/prompts@0.7.0':
    dependencies:
      '@clack/core': 0.3.5
      picocolors: 1.1.1
      sisteransi: 1.0.5

  '@formatjs/ecma402-abstract@2.3.4':
    dependencies:
      '@formatjs/fast-memoize': 2.2.7
      '@formatjs/intl-localematcher': 0.6.1
      decimal.js: 10.6.0
      tslib: 2.8.1

  '@formatjs/fast-memoize@2.2.7':
    dependencies:
      tslib: 2.8.1

  '@formatjs/icu-messageformat-parser@2.11.2':
    dependencies:
      '@formatjs/ecma402-abstract': 2.3.4
      '@formatjs/icu-skeleton-parser': 1.8.14
      tslib: 2.8.1

  '@formatjs/icu-skeleton-parser@1.8.14':
    dependencies:
      '@formatjs/ecma402-abstract': 2.3.4
      tslib: 2.8.1

  '@formatjs/intl-localematcher@0.6.1':
    dependencies:
      tslib: 2.8.1

  '@heroui/button@2.2.25(@heroui/system@2.4.21(@heroui/theme@2.4.21(tailwindcss@4.0.0))(framer-motion@12.23.12(react-dom@19.1.1(react@19.1.1))(react@19.1.1))(react-dom@19.1.1(react@19.1.1))(react@19.1.1))(@heroui/theme@2.4.21(tailwindcss@4.0.0))(framer-motion@12.23.12(react-dom@19.1.1(react@19.1.1))(react@19.1.1))(react-dom@19.1.1(react@19.1.1))(react@19.1.1)':
    dependencies:
      '@heroui/react-utils': 2.1.13(react@19.1.1)
      '@heroui/ripple': 2.2.19(@heroui/system@2.4.21(@heroui/theme@2.4.21(tailwindcss@4.0.0))(framer-motion@12.23.12(react-dom@19.1.1(react@19.1.1))(react@19.1.1))(react-dom@19.1.1(react@19.1.1))(react@19.1.1))(@heroui/theme@2.4.21(tailwindcss@4.0.0))(framer-motion@12.23.12(react-dom@19.1.1(react@19.1.1))(react@19.1.1))(react-dom@19.1.1(react@19.1.1))(react@19.1.1)
      '@heroui/shared-utils': 2.1.11
      '@heroui/spinner': 2.2.22(@heroui/theme@2.4.21(tailwindcss@4.0.0))(framer-motion@12.23.12(react-dom@19.1.1(react@19.1.1))(react@19.1.1))(react-dom@19.1.1(react@19.1.1))(react@19.1.1)
      '@heroui/system': 2.4.21(@heroui/theme@2.4.21(tailwindcss@4.0.0))(framer-motion@12.23.12(react-dom@19.1.1(react@19.1.1))(react@19.1.1))(react-dom@19.1.1(react@19.1.1))(react@19.1.1)
      '@heroui/theme': 2.4.21(tailwindcss@4.0.0)
      '@heroui/use-aria-button': 2.2.19(react-dom@19.1.1(react@19.1.1))(react@19.1.1)
      '@react-aria/focus': 3.21.1(react-dom@19.1.1(react@19.1.1))(react@19.1.1)
      '@react-aria/interactions': 3.25.5(react-dom@19.1.1(react@19.1.1))(react@19.1.1)
      '@react-types/shared': 3.32.0(react@19.1.1)
      framer-motion: 12.23.12(react-dom@19.1.1(react@19.1.1))(react@19.1.1)
      react: 19.1.1
      react-dom: 19.1.1(react@19.1.1)

  '@heroui/dom-animation@2.1.10(framer-motion@12.23.12(react-dom@19.1.1(react@19.1.1))(react@19.1.1))':
    dependencies:
      framer-motion: 12.23.12(react-dom@19.1.1(react@19.1.1))(react@19.1.1)

  '@heroui/react-rsc-utils@2.1.9(react@19.1.1)':
    dependencies:
      react: 19.1.1

  '@heroui/react-utils@2.1.13(react@19.1.1)':
    dependencies:
      '@heroui/react-rsc-utils': 2.1.9(react@19.1.1)
      '@heroui/shared-utils': 2.1.11
      react: 19.1.1

  '@heroui/ripple@2.2.19(@heroui/system@2.4.21(@heroui/theme@2.4.21(tailwindcss@4.0.0))(framer-motion@12.23.12(react-dom@19.1.1(react@19.1.1))(react@19.1.1))(react-dom@19.1.1(react@19.1.1))(react@19.1.1))(@heroui/theme@2.4.21(tailwindcss@4.0.0))(framer-motion@12.23.12(react-dom@19.1.1(react@19.1.1))(react@19.1.1))(react-dom@19.1.1(react@19.1.1))(react@19.1.1)':
    dependencies:
      '@heroui/dom-animation': 2.1.10(framer-motion@12.23.12(react-dom@19.1.1(react@19.1.1))(react@19.1.1))
      '@heroui/shared-utils': 2.1.11
      '@heroui/system': 2.4.21(@heroui/theme@2.4.21(tailwindcss@4.0.0))(framer-motion@12.23.12(react-dom@19.1.1(react@19.1.1))(react@19.1.1))(react-dom@19.1.1(react@19.1.1))(react@19.1.1)
      '@heroui/theme': 2.4.21(tailwindcss@4.0.0)
      framer-motion: 12.23.12(react-dom@19.1.1(react@19.1.1))(react@19.1.1)
      react: 19.1.1
      react-dom: 19.1.1(react@19.1.1)

  '@heroui/shared-utils@2.1.11': {}

  '@heroui/spinner@2.2.22(@heroui/theme@2.4.21(tailwindcss@4.0.0))(framer-motion@12.23.12(react-dom@19.1.1(react@19.1.1))(react@19.1.1))(react-dom@19.1.1(react@19.1.1))(react@19.1.1)':
    dependencies:
      '@heroui/shared-utils': 2.1.11
      '@heroui/system': 2.4.21(@heroui/theme@2.4.21(tailwindcss@4.0.0))(framer-motion@12.23.12(react-dom@19.1.1(react@19.1.1))(react@19.1.1))(react-dom@19.1.1(react@19.1.1))(react@19.1.1)
      '@heroui/system-rsc': 2.3.18(@heroui/theme@2.4.21(tailwindcss@4.0.0))(react@19.1.1)
      '@heroui/theme': 2.4.21(tailwindcss@4.0.0)
      react: 19.1.1
      react-dom: 19.1.1(react@19.1.1)
    transitivePeerDependencies:
      - framer-motion

  '@heroui/system-rsc@2.3.18(@heroui/theme@2.4.21(tailwindcss@4.0.0))(react@19.1.1)':
    dependencies:
      '@heroui/theme': 2.4.21(tailwindcss@4.0.0)
      '@react-types/shared': 3.32.0(react@19.1.1)
      clsx: 1.2.1
      react: 19.1.1

  '@heroui/system@2.4.21(@heroui/theme@2.4.21(tailwindcss@4.0.0))(framer-motion@12.23.12(react-dom@19.1.1(react@19.1.1))(react@19.1.1))(react-dom@19.1.1(react@19.1.1))(react@19.1.1)':
    dependencies:
      '@heroui/react-utils': 2.1.13(react@19.1.1)
      '@heroui/system-rsc': 2.3.18(@heroui/theme@2.4.21(tailwindcss@4.0.0))(react@19.1.1)
      '@react-aria/i18n': 3.12.12(react-dom@19.1.1(react@19.1.1))(react@19.1.1)
      '@react-aria/overlays': 3.29.0(react-dom@19.1.1(react@19.1.1))(react@19.1.1)
      '@react-aria/utils': 3.30.1(react-dom@19.1.1(react@19.1.1))(react@19.1.1)
      framer-motion: 12.23.12(react-dom@19.1.1(react@19.1.1))(react@19.1.1)
      react: 19.1.1
      react-dom: 19.1.1(react@19.1.1)
    transitivePeerDependencies:
      - '@heroui/theme'

  '@heroui/theme@2.4.21(tailwindcss@4.0.0)':
    dependencies:
      '@heroui/shared-utils': 2.1.11
      clsx: 1.2.1
      color: 4.2.3
      color2k: 2.0.3
      deepmerge: 4.3.1
      flat: 5.0.2
      tailwind-merge: 3.3.1
      tailwind-variants: 3.1.0(tailwind-merge@3.3.1)(tailwindcss@4.0.0)
      tailwindcss: 4.0.0

  '@heroui/use-aria-button@2.2.19(react-dom@19.1.1(react@19.1.1))(react@19.1.1)':
    dependencies:
      '@react-aria/focus': 3.21.1(react-dom@19.1.1(react@19.1.1))(react@19.1.1)
      '@react-aria/interactions': 3.25.5(react-dom@19.1.1(react@19.1.1))(react@19.1.1)
      '@react-aria/utils': 3.30.1(react-dom@19.1.1(react@19.1.1))(react@19.1.1)
      '@react-types/button': 3.14.0(react@19.1.1)
      '@react-types/shared': 3.32.0(react@19.1.1)
      react: 19.1.1
    transitivePeerDependencies:
      - react-dom

  '@internationalized/date@3.9.0':
    dependencies:
      '@swc/helpers': 0.5.17

  '@internationalized/message@3.1.8':
    dependencies:
      '@swc/helpers': 0.5.17
      intl-messageformat: 10.7.16

  '@internationalized/number@3.6.5':
    dependencies:
      '@swc/helpers': 0.5.17

  '@internationalized/string@3.2.7':
    dependencies:
      '@swc/helpers': 0.5.17

  '@nodelib/fs.scandir@2.1.5':
    dependencies:
      '@nodelib/fs.stat': 2.0.5
      run-parallel: 1.2.0

  '@nodelib/fs.stat@2.0.5': {}

  '@nodelib/fs.walk@1.2.8':
    dependencies:
      '@nodelib/fs.scandir': 2.1.5
      fastq: 1.19.1

  '@react-aria/focus@3.21.1(react-dom@19.1.1(react@19.1.1))(react@19.1.1)':
    dependencies:
      '@react-aria/interactions': 3.25.5(react-dom@19.1.1(react@19.1.1))(react@19.1.1)
      '@react-aria/utils': 3.30.1(react-dom@19.1.1(react@19.1.1))(react@19.1.1)
      '@react-types/shared': 3.32.0(react@19.1.1)
      '@swc/helpers': 0.5.17
      clsx: 2.1.1
      react: 19.1.1
      react-dom: 19.1.1(react@19.1.1)

  '@react-aria/i18n@3.12.12(react-dom@19.1.1(react@19.1.1))(react@19.1.1)':
    dependencies:
      '@internationalized/date': 3.9.0
      '@internationalized/message': 3.1.8
      '@internationalized/number': 3.6.5
      '@internationalized/string': 3.2.7
      '@react-aria/ssr': 3.9.10(react@19.1.1)
      '@react-aria/utils': 3.30.1(react-dom@19.1.1(react@19.1.1))(react@19.1.1)
      '@react-types/shared': 3.32.0(react@19.1.1)
      '@swc/helpers': 0.5.17
      react: 19.1.1
      react-dom: 19.1.1(react@19.1.1)

  '@react-aria/interactions@3.25.5(react-dom@19.1.1(react@19.1.1))(react@19.1.1)':
    dependencies:
      '@react-aria/ssr': 3.9.10(react@19.1.1)
      '@react-aria/utils': 3.30.1(react-dom@19.1.1(react@19.1.1))(react@19.1.1)
      '@react-stately/flags': 3.1.2
      '@react-types/shared': 3.32.0(react@19.1.1)
      '@swc/helpers': 0.5.17
      react: 19.1.1
      react-dom: 19.1.1(react@19.1.1)

  '@react-aria/overlays@3.29.0(react-dom@19.1.1(react@19.1.1))(react@19.1.1)':
    dependencies:
      '@react-aria/focus': 3.21.1(react-dom@19.1.1(react@19.1.1))(react@19.1.1)
      '@react-aria/i18n': 3.12.12(react-dom@19.1.1(react@19.1.1))(react@19.1.1)
      '@react-aria/interactions': 3.25.5(react-dom@19.1.1(react@19.1.1))(react@19.1.1)
      '@react-aria/ssr': 3.9.10(react@19.1.1)
      '@react-aria/utils': 3.30.1(react-dom@19.1.1(react@19.1.1))(react@19.1.1)
      '@react-aria/visually-hidden': 3.8.27(react-dom@19.1.1(react@19.1.1))(react@19.1.1)
      '@react-stately/overlays': 3.6.19(react@19.1.1)
      '@react-types/button': 3.14.0(react@19.1.1)
      '@react-types/overlays': 3.9.1(react@19.1.1)
      '@react-types/shared': 3.32.0(react@19.1.1)
      '@swc/helpers': 0.5.17
      react: 19.1.1
      react-dom: 19.1.1(react@19.1.1)

  '@react-aria/ssr@3.9.10(react@19.1.1)':
    dependencies:
      '@swc/helpers': 0.5.17
      react: 19.1.1

  '@react-aria/utils@3.30.1(react-dom@19.1.1(react@19.1.1))(react@19.1.1)':
    dependencies:
      '@react-aria/ssr': 3.9.10(react@19.1.1)
      '@react-stately/flags': 3.1.2
      '@react-stately/utils': 3.10.8(react@19.1.1)
      '@react-types/shared': 3.32.0(react@19.1.1)
      '@swc/helpers': 0.5.17
      clsx: 2.1.1
      react: 19.1.1
      react-dom: 19.1.1(react@19.1.1)

  '@react-aria/visually-hidden@3.8.27(react-dom@19.1.1(react@19.1.1))(react@19.1.1)':
    dependencies:
      '@react-aria/interactions': 3.25.5(react-dom@19.1.1(react@19.1.1))(react@19.1.1)
      '@react-aria/utils': 3.30.1(react-dom@19.1.1(react@19.1.1))(react@19.1.1)
      '@react-types/shared': 3.32.0(react@19.1.1)
      '@swc/helpers': 0.5.17
      react: 19.1.1
      react-dom: 19.1.1(react@19.1.1)

  '@react-stately/flags@3.1.2':
    dependencies:
      '@swc/helpers': 0.5.17

  '@react-stately/overlays@3.6.19(react@19.1.1)':
    dependencies:
      '@react-stately/utils': 3.10.8(react@19.1.1)
      '@react-types/overlays': 3.9.1(react@19.1.1)
      '@swc/helpers': 0.5.17
      react: 19.1.1

  '@react-stately/utils@3.10.8(react@19.1.1)':
    dependencies:
      '@swc/helpers': 0.5.17
      react: 19.1.1

  '@react-types/button@3.14.0(react@19.1.1)':
    dependencies:
      '@react-types/shared': 3.32.0(react@19.1.1)
      react: 19.1.1

  '@react-types/overlays@3.9.1(react@19.1.1)':
    dependencies:
      '@react-types/shared': 3.32.0(react@19.1.1)
      react: 19.1.1

  '@react-types/shared@3.32.0(react@19.1.1)':
    dependencies:
      react: 19.1.1

  '@swc/helpers@0.5.17':
    dependencies:
      tslib: 2.8.1

  '@types/tinycolor2@1.4.6': {}

  '@winches/prompts@0.0.7':
    dependencies:
      kleur: 4.1.5
      sisteransi: 1.0.5

  ansi-regex@6.2.0: {}

  ansi-styles@4.3.0:
    dependencies:
      color-convert: 2.0.1

  async-retry@1.3.3:
    dependencies:
      retry: 0.13.1

  braces@3.0.3:
    dependencies:
      fill-range: 7.1.1

  chalk@4.1.2:
    dependencies:
      ansi-styles: 4.3.0
      supports-color: 7.2.0

  chalk@5.3.0: {}

  chownr@2.0.0: {}

  cli-cursor@4.0.0:
    dependencies:
      restore-cursor: 4.0.0

  cli-spinners@2.9.2: {}

  clsx@1.2.1: {}

  clsx@2.1.1: {}

  color-convert@2.0.1:
    dependencies:
      color-name: 1.1.4

  color-name@1.1.4: {}

  color-string@1.9.1:
    dependencies:
      color-name: 1.1.4
      simple-swizzle: 0.2.2

  color2k@2.0.3: {}

  color@4.2.3:
    dependencies:
      color-convert: 2.0.1
      color-string: 1.9.1

  commander@11.0.0: {}

  compare-versions@6.1.1: {}

  decimal.js@10.6.0: {}

  deepmerge@4.3.1: {}

  emoji-regex@10.5.0: {}

  fast-glob@3.3.2:
    dependencies:
      '@nodelib/fs.stat': 2.0.5
      '@nodelib/fs.walk': 1.2.8
      glob-parent: 5.1.2
      merge2: 1.4.1
      micromatch: 4.0.8

  fastq@1.19.1:
    dependencies:
      reusify: 1.1.0

  fill-range@7.1.1:
    dependencies:
      to-regex-range: 5.0.1

  find-up@7.0.0:
    dependencies:
      locate-path: 7.2.0
      path-exists: 5.0.0
      unicorn-magic: 0.1.0

  flat@5.0.2: {}

  framer-motion@12.23.12(react-dom@19.1.1(react@19.1.1))(react@19.1.1):
    dependencies:
      motion-dom: 12.23.12
      motion-utils: 12.23.6
      tslib: 2.8.1
    optionalDependencies:
      react: 19.1.1
      react-dom: 19.1.1(react@19.1.1)

  fs-minipass@2.1.0:
    dependencies:
      minipass: 3.3.6

  get-east-asian-width@1.3.1: {}

  glob-parent@5.1.2:
    dependencies:
      is-glob: 4.0.3

  gradient-string@2.0.2:
    dependencies:
      chalk: 4.1.2
      tinygradient: 1.1.5

  has-flag@4.0.0: {}

  heroui-cli@1.2.3:
    dependencies:
      '@clack/prompts': 0.7.0
      '@winches/prompts': 0.0.7
      async-retry: 1.3.3
      chalk: 5.3.0
      commander: 11.0.0
      compare-versions: 6.1.1
      fast-glob: 3.3.2
      find-up: 7.0.0
      gradient-string: 2.0.2
      ora: 8.0.1
      pathe: 1.1.2
      tar: 6.2.1

  intl-messageformat@10.7.16:
    dependencies:
      '@formatjs/ecma402-abstract': 2.3.4
      '@formatjs/fast-memoize': 2.2.7
      '@formatjs/icu-messageformat-parser': 2.11.2
      tslib: 2.8.1

  is-arrayish@0.3.2: {}

  is-extglob@2.1.1: {}

  is-glob@4.0.3:
    dependencies:
      is-extglob: 2.1.1

  is-interactive@2.0.0: {}

  is-number@7.0.0: {}

  is-unicode-supported@1.3.0: {}

  is-unicode-supported@2.1.0: {}

  kleur@4.1.5: {}

  locate-path@7.2.0:
    dependencies:
      p-locate: 6.0.0

  log-symbols@6.0.0:
    dependencies:
      chalk: 5.3.0
      is-unicode-supported: 1.3.0

  merge2@1.4.1: {}

  micromatch@4.0.8:
    dependencies:
      braces: 3.0.3
      picomatch: 2.3.1

  mimic-fn@2.1.0: {}

  minipass@3.3.6:
    dependencies:
      yallist: 4.0.0

  minipass@5.0.0: {}

  minizlib@2.1.2:
    dependencies:
      minipass: 3.3.6
      yallist: 4.0.0

  mkdirp@1.0.4: {}

  motion-dom@12.23.12:
    dependencies:
      motion-utils: 12.23.6

  motion-utils@12.23.6: {}

  onetime@5.1.2:
    dependencies:
      mimic-fn: 2.1.0

  ora@8.0.1:
    dependencies:
      chalk: 5.3.0
      cli-cursor: 4.0.0
      cli-spinners: 2.9.2
      is-interactive: 2.0.0
      is-unicode-supported: 2.1.0
      log-symbols: 6.0.0
      stdin-discarder: 0.2.2
      string-width: 7.2.0
      strip-ansi: 7.1.0

  p-limit@4.0.0:
    dependencies:
      yocto-queue: 1.2.1

  p-locate@6.0.0:
    dependencies:
      p-limit: 4.0.0

  path-exists@5.0.0: {}

  pathe@1.1.2: {}

  picocolors@1.1.1: {}

  picomatch@2.3.1: {}

  queue-microtask@1.2.3: {}

  react-dom@19.1.1(react@19.1.1):
    dependencies:
      react: 19.1.1
      scheduler: 0.26.0

  react@19.1.1: {}

  restore-cursor@4.0.0:
    dependencies:
      onetime: 5.1.2
      signal-exit: 3.0.7

  retry@0.13.1: {}

  reusify@1.1.0: {}

  run-parallel@1.2.0:
    dependencies:
      queue-microtask: 1.2.3

  scheduler@0.26.0: {}

  signal-exit@3.0.7: {}

  simple-swizzle@0.2.2:
    dependencies:
      is-arrayish: 0.3.2

  sisteransi@1.0.5: {}

  stdin-discarder@0.2.2: {}

  string-width@7.2.0:
    dependencies:
      emoji-regex: 10.5.0
      get-east-asian-width: 1.3.1
      strip-ansi: 7.1.0

  strip-ansi@7.1.0:
    dependencies:
      ansi-regex: 6.2.0

  supports-color@7.2.0:
    dependencies:
      has-flag: 4.0.0

  tailwind-merge@3.3.1: {}

  tailwind-variants@3.1.0(tailwind-merge@3.3.1)(tailwindcss@4.0.0):
    dependencies:
      tailwindcss: 4.0.0
    optionalDependencies:
      tailwind-merge: 3.3.1

  tailwindcss@4.0.0: {}

  tar@6.2.1:
    dependencies:
      chownr: 2.0.0
      fs-minipass: 2.1.0
      minipass: 5.0.0
      minizlib: 2.1.2
      mkdirp: 1.0.4
      yallist: 4.0.0

  tinycolor2@1.6.0: {}

  tinygradient@1.1.5:
    dependencies:
      '@types/tinycolor2': 1.4.6
      tinycolor2: 1.6.0

  to-regex-range@5.0.1:
    dependencies:
      is-number: 7.0.0

  tslib@2.8.1: {}

  unicorn-magic@0.1.0: {}

  yallist@4.0.0: {}

  yocto-queue@1.2.1: {}
